
Microsoft Visual Studio Solution File, Format Version 12.00
# Visual Studio 15
VisualStudioVersion = 15.0.28010.2046
MinimumVisualStudioVersion = 10.0.40219.1
Project("{9A19103F-16F7-4668-BE54-9A1E7A4F7556}") = "CSNS", "Analyser\CSNS.csproj", "{3C3652CB-D782-43C3-847A-FFDFA836E701}"
EndProject
Project("{FAE04EC0-301F-11D3-BF4B-00C04F79EFBC}") = "ProgramTester", "ProgramTester\ProgramTester.csproj", "{79B049D8-94B9-4789-878F-0AEC4A7F424B}"
EndProject
Project("{FAE04EC0-301F-11D3-BF4B-00C04F79EFBC}") = "CSNS.ClientHelper", "CSNS.ClientHelper\CSNS.ClientHelper.csproj", "{D170B178-CE9D-4E3E-857B-78AB1128E3DB}"
EndProject
Global
	GlobalSection(SolutionConfigurationPlatforms) = preSolution
		Debug|Any CPU = Debug|Any CPU
		Release|Any CPU = Release|Any CPU
	EndGlobalSection
	GlobalSection(ProjectConfigurationPlatforms) = postSolution
		{3C3652CB-D782-43C3-847A-FFDFA836E701}.Debug|Any CPU.ActiveCfg = Debug|Any CPU
		{3C3652CB-D782-43C3-847A-FFDFA836E701}.Debug|Any CPU.Build.0 = Debug|Any CPU
		{3C3652CB-D782-43C3-847A-FFDFA836E701}.Release|Any CPU.ActiveCfg = Release|Any CPU
		{3C3652CB-D782-43C3-847A-FFDFA836E701}.Release|Any CPU.Build.0 = Release|Any CPU
		{79B049D8-94B9-4789-878F-0AEC4A7F424B}.Debug|Any CPU.ActiveCfg = Debug|Any CPU
		{79B049D8-94B9-4789-878F-0AEC4A7F424B}.Debug|Any CPU.Build.0 = Debug|Any CPU
		{79B049D8-94B9-4789-878F-0AEC4A7F424B}.Release|Any CPU.ActiveCfg = Release|Any CPU
		{79B049D8-94B9-4789-878F-0AEC4A7F424B}.Release|Any CPU.Build.0 = Release|Any CPU
		{D170B178-CE9D-4E3E-857B-78AB1128E3DB}.Debug|Any CPU.ActiveCfg = Debug|Any CPU
		{D170B178-CE9D-4E3E-857B-78AB1128E3DB}.Debug|Any CPU.Build.0 = Debug|Any CPU
		{D170B178-CE9D-4E3E-857B-78AB1128E3DB}.Release|Any CPU.ActiveCfg = Release|Any CPU
		{D170B178-CE9D-4E3E-857B-78AB1128E3DB}.Release|Any CPU.Build.0 = Release|Any CPU
	EndGlobalSection
	GlobalSection(SolutionProperties) = preSolution
		HideSolutionNode = FALSE
	EndGlobalSection
	GlobalSection(ExtensibilityGlobals) = postSolution
		SolutionGuid = {B40D99FC-6109-4B36-92EF-E3BDE754D919}
	EndGlobalSection
EndGlobal
